
Microsoft Visual Studio Solution File, Format Version 12.00
# Visual Studio 15
VisualStudioVersion = 15.0.27130.2036
MinimumVisualStudioVersion = 10.0.40219.1
Project("{FAE04EC0-301F-11D3-BF4B-00C04F79EFBC}") = "WebServiceCalculadora", "WebService01\WebServiceCalculadora.csproj", "{984DBD65-3AB3-4674-BED5-1142812E8124}"
EndProject
Project("{FAE04EC0-301F-11D3-BF4B-00C04F79EFBC}") = "ConsumindoWebServiceCalculadora", "ConsumindoWebServiceCalculadora\ConsumindoWebServiceCalculadora.csproj", "{2229C42D-1499-4BAC-834E-C75F89EBEB7E}"
EndProject
Global
	GlobalSection(SolutionConfigurationPlatforms) = preSolution
		Debug|Any CPU = Debug|Any CPU
		Release|Any CPU = Release|Any CPU
	EndGlobalSection
	GlobalSection(ProjectConfigurationPlatforms) = postSolution
		{984DBD65-3AB3-4674-BED5-1142812E8124}.Debug|Any CPU.ActiveCfg = Debug|Any CPU
		{984DBD65-3AB3-4674-BED5-1142812E8124}.Debug|Any CPU.Build.0 = Debug|Any CPU
		{984DBD65-3AB3-4674-BED5-1142812E8124}.Release|Any CPU.ActiveCfg = Release|Any CPU
		{984DBD65-3AB3-4674-BED5-1142812E8124}.Release|Any CPU.Build.0 = Release|Any CPU
		{2229C42D-1499-4BAC-834E-C75F89EBEB7E}.Debug|Any CPU.ActiveCfg = Debug|Any CPU
		{2229C42D-1499-4BAC-834E-C75F89EBEB7E}.Debug|Any CPU.Build.0 = Debug|Any CPU
		{2229C42D-1499-4BAC-834E-C75F89EBEB7E}.Release|Any CPU.ActiveCfg = Release|Any CPU
		{2229C42D-1499-4BAC-834E-C75F89EBEB7E}.Release|Any CPU.Build.0 = Release|Any CPU
	EndGlobalSection
	GlobalSection(SolutionProperties) = preSolution
		HideSolutionNode = FALSE
	EndGlobalSection
	GlobalSection(ExtensibilityGlobals) = postSolution
		SolutionGuid = {AF48AD58-CFFC-47A0-8080-D094DDF08260}
	EndGlobalSection
EndGlobal
